
Microsoft Visual Studio Solution File, Format Version 11.00
# Visual Studio 2010
Project("{FAE04EC0-301F-11D3-BF4B-00C04F79EFBC}") = "ProceduralMidi", "ProceduralMidi\ProceduralMidi.csproj", "{B8357E63-C6AB-42A4-AA13-837962BC8D5C}"
EndProject
Project("{FAE04EC0-301F-11D3-BF4B-00C04F79EFBC}") = "ProdeduralMidiVST", "ProdeduralMidiVST\ProdeduralMidiVST.csproj", "{55F768D5-A099-4F19-9C52-2DA1CC923457}"
EndProject
Global
	GlobalSection(TeamFoundationVersionControl) = preSolution
		SccNumberOfProjects = 3
		SccEnterpriseProvider = {4CA58AB2-18FA-4F8D-95D4-32DDF27D184C}
		SccTeamFoundationServer = https://tfs.codeplex.com/tfs/tfs29
		SccLocalPath0 = .
		SccProjectUniqueName1 = ProceduralMidi\\ProceduralMidi.csproj
		SccProjectName1 = ProceduralMidi
		SccLocalPath1 = ProceduralMidi
		SccProjectUniqueName2 = ProdeduralMidiVST\\ProdeduralMidiVST.csproj
		SccProjectName2 = ProdeduralMidiVST
		SccLocalPath2 = ProdeduralMidiVST
	EndGlobalSection
	GlobalSection(SolutionConfigurationPlatforms) = preSolution
		Debug|Any CPU = Debug|Any CPU
		Debug|Mixed Platforms = Debug|Mixed Platforms
		Debug|x86 = Debug|x86
		Release|Any CPU = Release|Any CPU
		Release|Mixed Platforms = Release|Mixed Platforms
		Release|x86 = Release|x86
	EndGlobalSection
	GlobalSection(ProjectConfigurationPlatforms) = postSolution
		{B8357E63-C6AB-42A4-AA13-837962BC8D5C}.Debug|Any CPU.ActiveCfg = Debug|x86
		{B8357E63-C6AB-42A4-AA13-837962BC8D5C}.Debug|Mixed Platforms.ActiveCfg = Debug|x86
		{B8357E63-C6AB-42A4-AA13-837962BC8D5C}.Debug|Mixed Platforms.Build.0 = Debug|x86
		{B8357E63-C6AB-42A4-AA13-837962BC8D5C}.Debug|x86.ActiveCfg = Debug|x86
		{B8357E63-C6AB-42A4-AA13-837962BC8D5C}.Debug|x86.Build.0 = Debug|x86
		{B8357E63-C6AB-42A4-AA13-837962BC8D5C}.Release|Any CPU.ActiveCfg = Release|x86
		{B8357E63-C6AB-42A4-AA13-837962BC8D5C}.Release|Mixed Platforms.ActiveCfg = Release|x86
		{B8357E63-C6AB-42A4-AA13-837962BC8D5C}.Release|Mixed Platforms.Build.0 = Release|x86
		{B8357E63-C6AB-42A4-AA13-837962BC8D5C}.Release|x86.ActiveCfg = Release|x86
		{B8357E63-C6AB-42A4-AA13-837962BC8D5C}.Release|x86.Build.0 = Release|x86
		{55F768D5-A099-4F19-9C52-2DA1CC923457}.Debug|Any CPU.ActiveCfg = Debug|Any CPU
		{55F768D5-A099-4F19-9C52-2DA1CC923457}.Debug|Any CPU.Build.0 = Debug|Any CPU
		{55F768D5-A099-4F19-9C52-2DA1CC923457}.Debug|Mixed Platforms.ActiveCfg = Debug|Any CPU
		{55F768D5-A099-4F19-9C52-2DA1CC923457}.Debug|Mixed Platforms.Build.0 = Debug|Any CPU
		{55F768D5-A099-4F19-9C52-2DA1CC923457}.Debug|x86.ActiveCfg = Debug|Any CPU
		{55F768D5-A099-4F19-9C52-2DA1CC923457}.Release|Any CPU.ActiveCfg = Release|Any CPU
		{55F768D5-A099-4F19-9C52-2DA1CC923457}.Release|Any CPU.Build.0 = Release|Any CPU
		{55F768D5-A099-4F19-9C52-2DA1CC923457}.Release|Mixed Platforms.ActiveCfg = Release|Any CPU
		{55F768D5-A099-4F19-9C52-2DA1CC923457}.Release|Mixed Platforms.Build.0 = Release|Any CPU
		{55F768D5-A099-4F19-9C52-2DA1CC923457}.Release|x86.ActiveCfg = Release|Any CPU
	EndGlobalSection
	GlobalSection(SolutionProperties) = preSolution
		HideSolutionNode = FALSE
	EndGlobalSection
EndGlobal
